
Microsoft Visual Studio Solution File, Format Version 12.00
# Visual Studio 15
VisualStudioVersion = 15.0.28010.2050
MinimumVisualStudioVersion = 10.0.40219.1
Project("{FAE04EC0-301F-11D3-BF4B-00C04F79EFBC}") = "Sitecore8Helix.Website", "Src\Project\Sitecore8Helix\code\Sitecore8Helix.Website.csproj", "{FE017D3B-B5DD-4780-A66E-7B96F01065D9}"
EndProject
Project("{2150E333-8FDC-42A3-9474-1A3956D46DE8}") = "Project", "Project", "{6EE440B5-9231-4956-9744-6483AF86E2E8}"
EndProject
Project("{2150E333-8FDC-42A3-9474-1A3956D46DE8}") = "Foundation", "Foundation", "{49A830EA-0A31-4550-9B47-3BA927076A52}"
EndProject
Project("{2150E333-8FDC-42A3-9474-1A3956D46DE8}") = "Feature", "Feature", "{6B1F7228-0C5B-4A16-B4B5-6383C3B5940D}"
EndProject
Project("{2150E333-8FDC-42A3-9474-1A3956D46DE8}") = "Common", "Common", "{4BCB3A21-7B57-4D06-9344-78793E4D5F3C}"
EndProject
Project("{2150E333-8FDC-42A3-9474-1A3956D46DE8}") = "Sitecore8Helix", "Sitecore8Helix", "{F7BF038F-F137-41A3-97F8-4DD730537DB0}"
EndProject
Project("{2150E333-8FDC-42A3-9474-1A3956D46DE8}") = "Search", "Search", "{113742BA-BF00-43E7-8DEB-E6E14F74CAD1}"
EndProject
Project("{FAE04EC0-301F-11D3-BF4B-00C04F79EFBC}") = "Sitecore8Helix.Foundation.Search", "Src\Foundation\Search\code\Sitecore8Helix.Foundation.Search.csproj", "{F175BACE-BCE5-49A2-9359-2D3CD60A3CFF}"
EndProject
Project("{FAE04EC0-301F-11D3-BF4B-00C04F79EFBC}") = "Sitecore8Helix.Feature.Stores", "Src\Feature\Stores\code\Sitecore8Helix.Feature.Stores.csproj", "{7EA085BD-D9E2-479A-89AC-6E946F53BD5B}"
EndProject
Project("{FAE04EC0-301F-11D3-BF4B-00C04F79EFBC}") = "Sitecore8Helix.Feature.Products", "Src\Feature\Products\code\Sitecore8Helix.Feature.Products.csproj", "{0B2DD6DB-D33B-4149-A8C9-22726D943CCB}"
EndProject
Project("{2150E333-8FDC-42A3-9474-1A3956D46DE8}") = "Products", "Products", "{7D37555B-2E4C-431F-A40E-85C313D32900}"
EndProject
Project("{2150E333-8FDC-42A3-9474-1A3956D46DE8}") = "Stores", "Stores", "{782C67A4-2BF0-4096-8121-E83893904B5C}"
EndProject
Project("{2150E333-8FDC-42A3-9474-1A3956D46DE8}") = "IoC", "IoC", "{9FA77A08-DD8C-4F40-AF5D-33542950BAC9}"
EndProject
Project("{FAE04EC0-301F-11D3-BF4B-00C04F79EFBC}") = "Sitecore8Helix.Foundation.IoC", "Src\Foundation\IoC\code\Sitecore8Helix.Foundation.IoC.csproj", "{A4BF97AE-D2E6-44A1-A2B7-9216289A21B6}"
EndProject
Project("{FAE04EC0-301F-11D3-BF4B-00C04F79EFBC}") = "Sitecore8Helix.Common", "Src\Project\Common\code\Sitecore8Helix.Common.csproj", "{480EEC0D-BB20-4471-98B7-9304C4ECBD58}"
EndProject
Project("{2150E333-8FDC-42A3-9474-1A3956D46DE8}") = "Serialization", "Serialization", "{BAE1852A-D70F-4D8A-A7F5-F602C37FEC5A}"
EndProject
Project("{FAE04EC0-301F-11D3-BF4B-00C04F79EFBC}") = "Sitecore8Helix.Foundation.Serialization", "Src\Foundation\Serialization\code\Sitecore8Helix.Foundation.Serialization.csproj", "{274B20F0-071A-472E-B907-BB2D1A8F096B}"
EndProject
Project("{FAE04EC0-301F-11D3-BF4B-00C04F79EFBC}") = "Sitecore8Helix.Feature.Media", "Src\Feature\Media\code\Sitecore8Helix.Feature.Media.csproj", "{E691A1ED-94DF-4835-87A4-FD2875E86DF6}"
EndProject
Project("{2150E333-8FDC-42A3-9474-1A3956D46DE8}") = "Presentation", "Presentation", "{CBCF7901-DF61-45A8-B5DD-B359DFD1691E}"
EndProject
Project("{FAE04EC0-301F-11D3-BF4B-00C04F79EFBC}") = "Sitecore8Helix.Foundation.Presentation", "Src\Foundation\Presentation\code\Sitecore8Helix.Foundation.Presentation.csproj", "{AE427D7F-057A-4352-A352-902391917D1A}"
EndProject
Global
	GlobalSection(SolutionConfigurationPlatforms) = preSolution
		Debug|Any CPU = Debug|Any CPU
		Release|Any CPU = Release|Any CPU
	EndGlobalSection
	GlobalSection(ProjectConfigurationPlatforms) = postSolution
		{FE017D3B-B5DD-4780-A66E-7B96F01065D9}.Debug|Any CPU.ActiveCfg = Debug|Any CPU
		{FE017D3B-B5DD-4780-A66E-7B96F01065D9}.Debug|Any CPU.Build.0 = Debug|Any CPU
		{FE017D3B-B5DD-4780-A66E-7B96F01065D9}.Release|Any CPU.ActiveCfg = Release|Any CPU
		{FE017D3B-B5DD-4780-A66E-7B96F01065D9}.Release|Any CPU.Build.0 = Release|Any CPU
		{F175BACE-BCE5-49A2-9359-2D3CD60A3CFF}.Debug|Any CPU.ActiveCfg = Debug|Any CPU
		{F175BACE-BCE5-49A2-9359-2D3CD60A3CFF}.Debug|Any CPU.Build.0 = Debug|Any CPU
		{F175BACE-BCE5-49A2-9359-2D3CD60A3CFF}.Release|Any CPU.ActiveCfg = Release|Any CPU
		{F175BACE-BCE5-49A2-9359-2D3CD60A3CFF}.Release|Any CPU.Build.0 = Release|Any CPU
		{7EA085BD-D9E2-479A-89AC-6E946F53BD5B}.Debug|Any CPU.ActiveCfg = Debug|Any CPU
		{7EA085BD-D9E2-479A-89AC-6E946F53BD5B}.Debug|Any CPU.Build.0 = Debug|Any CPU
		{7EA085BD-D9E2-479A-89AC-6E946F53BD5B}.Release|Any CPU.ActiveCfg = Release|Any CPU
		{7EA085BD-D9E2-479A-89AC-6E946F53BD5B}.Release|Any CPU.Build.0 = Release|Any CPU
		{0B2DD6DB-D33B-4149-A8C9-22726D943CCB}.Debug|Any CPU.ActiveCfg = Debug|Any CPU
		{0B2DD6DB-D33B-4149-A8C9-22726D943CCB}.Debug|Any CPU.Build.0 = Debug|Any CPU
		{0B2DD6DB-D33B-4149-A8C9-22726D943CCB}.Release|Any CPU.ActiveCfg = Release|Any CPU
		{0B2DD6DB-D33B-4149-A8C9-22726D943CCB}.Release|Any CPU.Build.0 = Release|Any CPU
		{A4BF97AE-D2E6-44A1-A2B7-9216289A21B6}.Debug|Any CPU.ActiveCfg = Debug|Any CPU
		{A4BF97AE-D2E6-44A1-A2B7-9216289A21B6}.Debug|Any CPU.Build.0 = Debug|Any CPU
		{A4BF97AE-D2E6-44A1-A2B7-9216289A21B6}.Release|Any CPU.ActiveCfg = Release|Any CPU
		{A4BF97AE-D2E6-44A1-A2B7-9216289A21B6}.Release|Any CPU.Build.0 = Release|Any CPU
		{480EEC0D-BB20-4471-98B7-9304C4ECBD58}.Debug|Any CPU.ActiveCfg = Debug|Any CPU
		{480EEC0D-BB20-4471-98B7-9304C4ECBD58}.Debug|Any CPU.Build.0 = Debug|Any CPU
		{480EEC0D-BB20-4471-98B7-9304C4ECBD58}.Release|Any CPU.ActiveCfg = Release|Any CPU
		{480EEC0D-BB20-4471-98B7-9304C4ECBD58}.Release|Any CPU.Build.0 = Release|Any CPU
		{274B20F0-071A-472E-B907-BB2D1A8F096B}.Debug|Any CPU.ActiveCfg = Debug|Any CPU
		{274B20F0-071A-472E-B907-BB2D1A8F096B}.Debug|Any CPU.Build.0 = Debug|Any CPU
		{274B20F0-071A-472E-B907-BB2D1A8F096B}.Release|Any CPU.ActiveCfg = Release|Any CPU
		{274B20F0-071A-472E-B907-BB2D1A8F096B}.Release|Any CPU.Build.0 = Release|Any CPU
		{E691A1ED-94DF-4835-87A4-FD2875E86DF6}.Debug|Any CPU.ActiveCfg = Debug|Any CPU
		{E691A1ED-94DF-4835-87A4-FD2875E86DF6}.Debug|Any CPU.Build.0 = Debug|Any CPU
		{E691A1ED-94DF-4835-87A4-FD2875E86DF6}.Release|Any CPU.ActiveCfg = Release|Any CPU
		{E691A1ED-94DF-4835-87A4-FD2875E86DF6}.Release|Any CPU.Build.0 = Release|Any CPU
		{AE427D7F-057A-4352-A352-902391917D1A}.Debug|Any CPU.ActiveCfg = Debug|Any CPU
		{AE427D7F-057A-4352-A352-902391917D1A}.Debug|Any CPU.Build.0 = Debug|Any CPU
		{AE427D7F-057A-4352-A352-902391917D1A}.Release|Any CPU.ActiveCfg = Release|Any CPU
		{AE427D7F-057A-4352-A352-902391917D1A}.Release|Any CPU.Build.0 = Release|Any CPU
	EndGlobalSection
	GlobalSection(SolutionProperties) = preSolution
		HideSolutionNode = FALSE
	EndGlobalSection
	GlobalSection(NestedProjects) = preSolution
		{FE017D3B-B5DD-4780-A66E-7B96F01065D9} = {F7BF038F-F137-41A3-97F8-4DD730537DB0}
		{4BCB3A21-7B57-4D06-9344-78793E4D5F3C} = {6EE440B5-9231-4956-9744-6483AF86E2E8}
		{F7BF038F-F137-41A3-97F8-4DD730537DB0} = {6EE440B5-9231-4956-9744-6483AF86E2E8}
		{113742BA-BF00-43E7-8DEB-E6E14F74CAD1} = {49A830EA-0A31-4550-9B47-3BA927076A52}
		{F175BACE-BCE5-49A2-9359-2D3CD60A3CFF} = {113742BA-BF00-43E7-8DEB-E6E14F74CAD1}
		{7EA085BD-D9E2-479A-89AC-6E946F53BD5B} = {782C67A4-2BF0-4096-8121-E83893904B5C}
		{0B2DD6DB-D33B-4149-A8C9-22726D943CCB} = {7D37555B-2E4C-431F-A40E-85C313D32900}
		{7D37555B-2E4C-431F-A40E-85C313D32900} = {6B1F7228-0C5B-4A16-B4B5-6383C3B5940D}
		{782C67A4-2BF0-4096-8121-E83893904B5C} = {6B1F7228-0C5B-4A16-B4B5-6383C3B5940D}
		{9FA77A08-DD8C-4F40-AF5D-33542950BAC9} = {49A830EA-0A31-4550-9B47-3BA927076A52}
		{A4BF97AE-D2E6-44A1-A2B7-9216289A21B6} = {9FA77A08-DD8C-4F40-AF5D-33542950BAC9}
		{480EEC0D-BB20-4471-98B7-9304C4ECBD58} = {4BCB3A21-7B57-4D06-9344-78793E4D5F3C}
		{BAE1852A-D70F-4D8A-A7F5-F602C37FEC5A} = {49A830EA-0A31-4550-9B47-3BA927076A52}
		{274B20F0-071A-472E-B907-BB2D1A8F096B} = {BAE1852A-D70F-4D8A-A7F5-F602C37FEC5A}
		{E691A1ED-94DF-4835-87A4-FD2875E86DF6} = {6B1F7228-0C5B-4A16-B4B5-6383C3B5940D}
		{CBCF7901-DF61-45A8-B5DD-B359DFD1691E} = {49A830EA-0A31-4550-9B47-3BA927076A52}
		{AE427D7F-057A-4352-A352-902391917D1A} = {CBCF7901-DF61-45A8-B5DD-B359DFD1691E}
	EndGlobalSection
	GlobalSection(ExtensibilityGlobals) = postSolution
		SolutionGuid = {A9AF208F-F2A7-44FB-AEF2-832686562DF4}
	EndGlobalSection
EndGlobal
